github.com/crgimenes/native v0.1.7 h1:L2HddYZsTQhQRlNvNo+J9bElAeJJk9t8r1sryE00zTM=
github.com/crgimenes/native v0.1.7/go.mod h1:zc2jhRIKpfoqaOIPgND5BX5ZM/hx4WWS6hNP02ppxi8=
github.com/ebitengine/purego v0.10.2 h1:W809HbnvzAxgdm+aOvlSekrM16wGCdT/e76+9tS7gzE=
github.com/ebitengine/purego v0.10.2/go.mod h1:iIjxzd6CiRiOG0UyXP+V1+jWqUXVjPKLAI0mRfJZTmQ=
